
Microsoft Visual Studio Solution File, Format Version 12.00
# Visual Studio Version 17
VisualStudioVersion = 17.6.33801.468
MinimumVisualStudioVersion = 10.0.40219.1
Project("{9A19103F-16F7-4668-BE54-9A1E7A4F7556}") = "BlazingShop", "BlazingShop\BlazingShop.csproj", "{A53D8BED-9140-4D47-B4A9-4B6ECF989D01}"
EndProject
Global
	GlobalSection(SolutionConfigurationPlatforms) = preSolution
		Debug|Any CPU = Debug|Any CPU
		Release|Any CPU = Release|Any CPU
	EndGlobalSection
	GlobalSection(ProjectConfigurationPlatforms) = postSolution
		{A53D8BED-9140-4D47-B4A9-4B6ECF989D01}.Debug|Any CPU.ActiveCfg = Debug|Any CPU
		{A53D8BED-9140-4D47-B4A9-4B6ECF989D01}.Debug|Any CPU.Build.0 = Debug|Any CPU
		{A53D8BED-9140-4D47-B4A9-4B6ECF989D01}.Release|Any CPU.ActiveCfg = Release|Any CPU
		{A53D8BED-9140-4D47-B4A9-4B6ECF989D01}.Release|Any CPU.Build.0 = Release|Any CPU
	EndGlobalSection
	GlobalSection(SolutionProperties) = preSolution
		HideSolutionNode = FALSE
	EndGlobalSection
	GlobalSection(ExtensibilityGlobals) = postSolution
		SolutionGuid = {3866F0E3-374C-4C34-91B8-60F071F88498}
	EndGlobalSection
EndGlobal
